GEM
  remote: http://rubygems.org/
  specs:
    addressable (2.2.7)
    dalli (1.1.5)
    heroku (2.21.2)
      launchy (>= 0.3.2)
      rest-client (~> 1.6.1)
      rubyzip
      term-ansicolor (~> 1.0.5)
    launchy (2.0.5)
      addressable (~> 2.2.6)
    mime-types (1.17.2)
    rack (1.4.1)
    rack-protection (1.2.0)
      rack
    rest-client (1.6.7)
      mime-types (>= 1.16)
    rubyzip (0.9.6.1)
    shotgun (0.9)
      rack (>= 1.0)
    sinatra (1.3.2)
      rack (~> 1.3, >= 1.3.6)
      rack-protection (~> 1.2)
      tilt (~> 1.3, >= 1.3.3)
    term-ansicolor (1.0.7)
    tilt (1.3.3)

PLATFORMS
  ruby

DEPENDENCIES
  dalli
  heroku
  shotgun
  sinatra
